
Microsoft Visual Studio Solution File, Format Version 12.00
Project("{2150E333-8FDC-42A3-9474-1A3956D46DE8}") = "MainApi", "MainApi", "{8BBEA39F-3702-4164-BD8E-A3F99EDBDF36}"
EndProject
Project("{2150E333-8FDC-42A3-9474-1A3956D46DE8}") = "Gui", "Gui", "{5FC1178A-AB62-47EE-817E-D5A835287A7F}"
EndProject
Project("{2150E333-8FDC-42A3-9474-1A3956D46DE8}") = "Core", "Core", "{5124D5CB-365D-443F-BBEF-A83647049E16}"
EndProject
Project("{FAE04EC0-301F-11D3-BF4B-00C04F79EFBC}") = "ClientApp", "ClientApp\ClientApp.csproj", "{ACDDC9CB-FABF-4932-8FDA-B0378B9A7B7F}"
EndProject
Project("{FAE04EC0-301F-11D3-BF4B-00C04F79EFBC}") = "DesktopApp", "DesktopApp\DesktopApp.csproj", "{DCF2A5FE-353D-466A-AE95-A90EE77C6882}"
EndProject
Project("{FAE04EC0-301F-11D3-BF4B-00C04F79EFBC}") = "CodeBaseService", "CodeBaseService\CodeBaseService.csproj", "{134DD74F-8D41-4B26-81EE-D0F3872F59CB}"
EndProject
Project("{FAE04EC0-301F-11D3-BF4B-00C04F79EFBC}") = "CodeBaseService.Tests", "CodeBaseService.Tests\CodeBaseService.Tests.csproj", "{060B4A07-389B-4BBF-B9A5-72A24B393EF2}"
EndProject
Project("{FAE04EC0-301F-11D3-BF4B-00C04F79EFBC}") = "CodeRunService", "CodeRunService\CodeRunService.csproj", "{2B4A497D-9FB0-4B43-B0DE-DE18BC3F025C}"
EndProject
Project("{FAE04EC0-301F-11D3-BF4B-00C04F79EFBC}") = "CodeRunService.Tests", "CodeRunService.Tests\CodeRunService.Tests.csproj", "{57DCCB91-040E-4B2B-92A8-C6553D88BBEC}"
EndProject
Project("{FAE04EC0-301F-11D3-BF4B-00C04F79EFBC}") = "UserService", "UserService\UserService.csproj", "{9CB966F1-84A0-4C1E-9E35-D576E38FDFDF}"
EndProject
Project("{FAE04EC0-301F-11D3-BF4B-00C04F79EFBC}") = "UserService.Tests", "UserService.Tests\UserService.Tests.csproj", "{1209E073-2ECC-4BE2-B644-FA49DED25B4F}"
EndProject
Project("{FAE04EC0-301F-11D3-BF4B-00C04F79EFBC}") = "DomainSharedModels", "DomainSharedModels\DomainSharedModels.csproj", "{95E6551E-8BBC-421A-AD63-E1EFF69284A2}"
EndProject
Project("{FAE04EC0-301F-11D3-BF4B-00C04F79EFBC}") = "ExternalDomainEntities", "ExternalDomainEntities\ExternalDomainEntities.csproj", "{1E77D33B-50E0-4145-87DB-E8991B269306}"
EndProject
Project("{2150E333-8FDC-42A3-9474-1A3956D46DE8}") = "ApiSharedCode", "ApiSharedCode", "{3B5593C2-F47B-47AC-833F-260F3864AA84}"
EndProject
Project("{FAE04EC0-301F-11D3-BF4B-00C04F79EFBC}") = "DomainEntities", "DomainEntities\DomainEntities.csproj", "{EBEF5F95-8BB9-4CB4-824F-47EDDC4B044B}"
EndProject
Project("{FAE04EC0-301F-11D3-BF4B-00C04F79EFBC}") = "Common", "Common\Common.csproj", "{D4B92DB1-48D3-4386-BD08-4F34E80E4F97}"
EndProject
Project("{2150E333-8FDC-42A3-9474-1A3956D46DE8}") = "CodeBaseService", "CodeBaseService", "{B2A6055B-D0CC-4202-9225-C138D628AB81}"
EndProject
Project("{2150E333-8FDC-42A3-9474-1A3956D46DE8}") = "CodeRunService", "CodeRunService", "{00AD7819-B4FF-4FAD-9F0E-61EAE4F4F0D5}"
EndProject
Project("{2150E333-8FDC-42A3-9474-1A3956D46DE8}") = "UserService", "UserService", "{F750525E-2419-418E-A2E0-10F7FECE4DCC}"
EndProject
Project("{FAE04EC0-301F-11D3-BF4B-00C04F79EFBC}") = "Configs", "Configs\Configs.csproj", "{412EED1B-44F3-406A-A039-303ED77A419C}"
EndProject
Project("{2150E333-8FDC-42A3-9474-1A3956D46DE8}") = "SharedComponents", "SharedComponents", "{615908F6-6A09-42FE-8171-42AB8B1602E7}"
EndProject
Project("{FAE04EC0-301F-11D3-BF4B-00C04F79EFBC}") = "Generics", "Generics\Generics.csproj", "{3E636316-AB1C-458D-A567-BF114ACF2370}"
EndProject
Project("{FAE04EC0-301F-11D3-BF4B-00C04F79EFBC}") = "Helpers", "Helpers\Helpers.csproj", "{C3EE439E-D6AA-45BB-8E67-CD8637F2D74D}"
EndProject
Project("{FAE04EC0-301F-11D3-BF4B-00C04F79EFBC}") = "CodeFormaterService", "CodeFormaterService\CodeFormaterService.csproj", "{7DB8EF49-C919-4D26-8DDE-8F4624FDA093}"
EndProject
Project("{2150E333-8FDC-42A3-9474-1A3956D46DE8}") = "SharedService", "SharedService", "{6FC88AA8-41D8-4A40-8C16-CC0845CA757B}"
EndProject
Global
	GlobalSection(SolutionConfigurationPlatforms) = preSolution
		Debug|Any CPU = Debug|Any CPU
		Release|Any CPU = Release|Any CPU
	EndGlobalSection
	GlobalSection(NestedProjects) = preSolution
		{ACDDC9CB-FABF-4932-8FDA-B0378B9A7B7F} = {5FC1178A-AB62-47EE-817E-D5A835287A7F}
		{DCF2A5FE-353D-466A-AE95-A90EE77C6882} = {5FC1178A-AB62-47EE-817E-D5A835287A7F}
		{1E77D33B-50E0-4145-87DB-E8991B269306} = {5124D5CB-365D-443F-BBEF-A83647049E16}
		{3B5593C2-F47B-47AC-833F-260F3864AA84} = {8BBEA39F-3702-4164-BD8E-A3F99EDBDF36}
		{EBEF5F95-8BB9-4CB4-824F-47EDDC4B044B} = {3B5593C2-F47B-47AC-833F-260F3864AA84}
		{D4B92DB1-48D3-4386-BD08-4F34E80E4F97} = {3B5593C2-F47B-47AC-833F-260F3864AA84}
		{B2A6055B-D0CC-4202-9225-C138D628AB81} = {8BBEA39F-3702-4164-BD8E-A3F99EDBDF36}
		{00AD7819-B4FF-4FAD-9F0E-61EAE4F4F0D5} = {8BBEA39F-3702-4164-BD8E-A3F99EDBDF36}
		{F750525E-2419-418E-A2E0-10F7FECE4DCC} = {8BBEA39F-3702-4164-BD8E-A3F99EDBDF36}
		{134DD74F-8D41-4B26-81EE-D0F3872F59CB} = {B2A6055B-D0CC-4202-9225-C138D628AB81}
		{060B4A07-389B-4BBF-B9A5-72A24B393EF2} = {B2A6055B-D0CC-4202-9225-C138D628AB81}
		{2B4A497D-9FB0-4B43-B0DE-DE18BC3F025C} = {00AD7819-B4FF-4FAD-9F0E-61EAE4F4F0D5}
		{57DCCB91-040E-4B2B-92A8-C6553D88BBEC} = {00AD7819-B4FF-4FAD-9F0E-61EAE4F4F0D5}
		{9CB966F1-84A0-4C1E-9E35-D576E38FDFDF} = {F750525E-2419-418E-A2E0-10F7FECE4DCC}
		{1209E073-2ECC-4BE2-B644-FA49DED25B4F} = {F750525E-2419-418E-A2E0-10F7FECE4DCC}
		{412EED1B-44F3-406A-A039-303ED77A419C} = {5124D5CB-365D-443F-BBEF-A83647049E16}
		{615908F6-6A09-42FE-8171-42AB8B1602E7} = {5FC1178A-AB62-47EE-817E-D5A835287A7F}
		{95E6551E-8BBC-421A-AD63-E1EFF69284A2} = {615908F6-6A09-42FE-8171-42AB8B1602E7}
		{3E636316-AB1C-458D-A567-BF114ACF2370} = {5124D5CB-365D-443F-BBEF-A83647049E16}
		{C3EE439E-D6AA-45BB-8E67-CD8637F2D74D} = {5124D5CB-365D-443F-BBEF-A83647049E16}
		{6FC88AA8-41D8-4A40-8C16-CC0845CA757B} = {8BBEA39F-3702-4164-BD8E-A3F99EDBDF36}
		{7DB8EF49-C919-4D26-8DDE-8F4624FDA093} = {6FC88AA8-41D8-4A40-8C16-CC0845CA757B}
	EndGlobalSection
	GlobalSection(ProjectConfigurationPlatforms) = postSolution
		{ACDDC9CB-FABF-4932-8FDA-B0378B9A7B7F}.Debug|Any CPU.ActiveCfg = Debug|Any CPU
		{ACDDC9CB-FABF-4932-8FDA-B0378B9A7B7F}.Debug|Any CPU.Build.0 = Debug|Any CPU
		{ACDDC9CB-FABF-4932-8FDA-B0378B9A7B7F}.Release|Any CPU.ActiveCfg = Release|Any CPU
		{ACDDC9CB-FABF-4932-8FDA-B0378B9A7B7F}.Release|Any CPU.Build.0 = Release|Any CPU
		{DCF2A5FE-353D-466A-AE95-A90EE77C6882}.Debug|Any CPU.ActiveCfg = Debug|Any CPU
		{DCF2A5FE-353D-466A-AE95-A90EE77C6882}.Debug|Any CPU.Build.0 = Debug|Any CPU
		{DCF2A5FE-353D-466A-AE95-A90EE77C6882}.Release|Any CPU.ActiveCfg = Release|Any CPU
		{DCF2A5FE-353D-466A-AE95-A90EE77C6882}.Release|Any CPU.Build.0 = Release|Any CPU
		{134DD74F-8D41-4B26-81EE-D0F3872F59CB}.Debug|Any CPU.ActiveCfg = Debug|Any CPU
		{134DD74F-8D41-4B26-81EE-D0F3872F59CB}.Debug|Any CPU.Build.0 = Debug|Any CPU
		{134DD74F-8D41-4B26-81EE-D0F3872F59CB}.Release|Any CPU.ActiveCfg = Release|Any CPU
		{134DD74F-8D41-4B26-81EE-D0F3872F59CB}.Release|Any CPU.Build.0 = Release|Any CPU
		{060B4A07-389B-4BBF-B9A5-72A24B393EF2}.Debug|Any CPU.ActiveCfg = Debug|Any CPU
		{060B4A07-389B-4BBF-B9A5-72A24B393EF2}.Debug|Any CPU.Build.0 = Debug|Any CPU
		{060B4A07-389B-4BBF-B9A5-72A24B393EF2}.Release|Any CPU.ActiveCfg = Release|Any CPU
		{060B4A07-389B-4BBF-B9A5-72A24B393EF2}.Release|Any CPU.Build.0 = Release|Any CPU
		{2B4A497D-9FB0-4B43-B0DE-DE18BC3F025C}.Debug|Any CPU.ActiveCfg = Debug|Any CPU
		{2B4A497D-9FB0-4B43-B0DE-DE18BC3F025C}.Debug|Any CPU.Build.0 = Debug|Any CPU
		{2B4A497D-9FB0-4B43-B0DE-DE18BC3F025C}.Release|Any CPU.ActiveCfg = Release|Any CPU
		{2B4A497D-9FB0-4B43-B0DE-DE18BC3F025C}.Release|Any CPU.Build.0 = Release|Any CPU
		{57DCCB91-040E-4B2B-92A8-C6553D88BBEC}.Debug|Any CPU.ActiveCfg = Debug|Any CPU
		{57DCCB91-040E-4B2B-92A8-C6553D88BBEC}.Debug|Any CPU.Build.0 = Debug|Any CPU
		{57DCCB91-040E-4B2B-92A8-C6553D88BBEC}.Release|Any CPU.ActiveCfg = Release|Any CPU
		{57DCCB91-040E-4B2B-92A8-C6553D88BBEC}.Release|Any CPU.Build.0 = Release|Any CPU
		{9CB966F1-84A0-4C1E-9E35-D576E38FDFDF}.Debug|Any CPU.ActiveCfg = Debug|Any CPU
		{9CB966F1-84A0-4C1E-9E35-D576E38FDFDF}.Debug|Any CPU.Build.0 = Debug|Any CPU
		{9CB966F1-84A0-4C1E-9E35-D576E38FDFDF}.Release|Any CPU.ActiveCfg = Release|Any CPU
		{9CB966F1-84A0-4C1E-9E35-D576E38FDFDF}.Release|Any CPU.Build.0 = Release|Any CPU
		{1209E073-2ECC-4BE2-B644-FA49DED25B4F}.Debug|Any CPU.ActiveCfg = Debug|Any CPU
		{1209E073-2ECC-4BE2-B644-FA49DED25B4F}.Debug|Any CPU.Build.0 = Debug|Any CPU
		{1209E073-2ECC-4BE2-B644-FA49DED25B4F}.Release|Any CPU.ActiveCfg = Release|Any CPU
		{1209E073-2ECC-4BE2-B644-FA49DED25B4F}.Release|Any CPU.Build.0 = Release|Any CPU
		{95E6551E-8BBC-421A-AD63-E1EFF69284A2}.Debug|Any CPU.ActiveCfg = Debug|Any CPU
		{95E6551E-8BBC-421A-AD63-E1EFF69284A2}.Debug|Any CPU.Build.0 = Debug|Any CPU
		{95E6551E-8BBC-421A-AD63-E1EFF69284A2}.Release|Any CPU.ActiveCfg = Release|Any CPU
		{95E6551E-8BBC-421A-AD63-E1EFF69284A2}.Release|Any CPU.Build.0 = Release|Any CPU
		{1E77D33B-50E0-4145-87DB-E8991B269306}.Debug|Any CPU.ActiveCfg = Debug|Any CPU
		{1E77D33B-50E0-4145-87DB-E8991B269306}.Debug|Any CPU.Build.0 = Debug|Any CPU
		{1E77D33B-50E0-4145-87DB-E8991B269306}.Release|Any CPU.ActiveCfg = Release|Any CPU
		{1E77D33B-50E0-4145-87DB-E8991B269306}.Release|Any CPU.Build.0 = Release|Any CPU
		{EBEF5F95-8BB9-4CB4-824F-47EDDC4B044B}.Debug|Any CPU.ActiveCfg = Debug|Any CPU
		{EBEF5F95-8BB9-4CB4-824F-47EDDC4B044B}.Debug|Any CPU.Build.0 = Debug|Any CPU
		{EBEF5F95-8BB9-4CB4-824F-47EDDC4B044B}.Release|Any CPU.ActiveCfg = Release|Any CPU
		{EBEF5F95-8BB9-4CB4-824F-47EDDC4B044B}.Release|Any CPU.Build.0 = Release|Any CPU
		{D4B92DB1-48D3-4386-BD08-4F34E80E4F97}.Debug|Any CPU.ActiveCfg = Debug|Any CPU
		{D4B92DB1-48D3-4386-BD08-4F34E80E4F97}.Debug|Any CPU.Build.0 = Debug|Any CPU
		{D4B92DB1-48D3-4386-BD08-4F34E80E4F97}.Release|Any CPU.ActiveCfg = Release|Any CPU
		{D4B92DB1-48D3-4386-BD08-4F34E80E4F97}.Release|Any CPU.Build.0 = Release|Any CPU
		{412EED1B-44F3-406A-A039-303ED77A419C}.Debug|Any CPU.ActiveCfg = Debug|Any CPU
		{412EED1B-44F3-406A-A039-303ED77A419C}.Debug|Any CPU.Build.0 = Debug|Any CPU
		{412EED1B-44F3-406A-A039-303ED77A419C}.Release|Any CPU.ActiveCfg = Release|Any CPU
		{412EED1B-44F3-406A-A039-303ED77A419C}.Release|Any CPU.Build.0 = Release|Any CPU
		{3E636316-AB1C-458D-A567-BF114ACF2370}.Debug|Any CPU.ActiveCfg = Debug|Any CPU
		{3E636316-AB1C-458D-A567-BF114ACF2370}.Debug|Any CPU.Build.0 = Debug|Any CPU
		{3E636316-AB1C-458D-A567-BF114ACF2370}.Release|Any CPU.ActiveCfg = Release|Any CPU
		{3E636316-AB1C-458D-A567-BF114ACF2370}.Release|Any CPU.Build.0 = Release|Any CPU
		{C3EE439E-D6AA-45BB-8E67-CD8637F2D74D}.Debug|Any CPU.ActiveCfg = Debug|Any CPU
		{C3EE439E-D6AA-45BB-8E67-CD8637F2D74D}.Debug|Any CPU.Build.0 = Debug|Any CPU
		{C3EE439E-D6AA-45BB-8E67-CD8637F2D74D}.Release|Any CPU.ActiveCfg = Release|Any CPU
		{C3EE439E-D6AA-45BB-8E67-CD8637F2D74D}.Release|Any CPU.Build.0 = Release|Any CPU
		{7DB8EF49-C919-4D26-8DDE-8F4624FDA093}.Debug|Any CPU.ActiveCfg = Debug|Any CPU
		{7DB8EF49-C919-4D26-8DDE-8F4624FDA093}.Debug|Any CPU.Build.0 = Debug|Any CPU
		{7DB8EF49-C919-4D26-8DDE-8F4624FDA093}.Release|Any CPU.ActiveCfg = Release|Any CPU
		{7DB8EF49-C919-4D26-8DDE-8F4624FDA093}.Release|Any CPU.Build.0 = Release|Any CPU
	EndGlobalSection
EndGlobal
